// !$*UTF8*$!
{
	archiveVersion = 1;
	classes = {
	};
	objectVersion = 56;
	objects = {

/* Begin PBXBuildFile section */
		4566EC522B9E01B7007A8E53 /* CreateUserRequest.swift in Sources */ = {isa = PBXBuildFile; fileRef = 4566EC512B9E01B7007A8E53 /* CreateUserRequest.swift */; };
		4566EC542B9E0A3E007A8E53 /* CreateUserViewModel.swift in Sources */ = {isa = PBXBuildFile; fileRef = 4566EC532B9E0A3E007A8E53 /* CreateUserViewModel.swift */; };
		4566EC562B9E0AD6007A8E53 /* UserService.swift in Sources */ = {isa = PBXBuildFile; fileRef = 4566EC552B9E0AD6007A8E53 /* UserService.swift */; };
		4566EC582B9E0C73007A8E53 /* CreateUserResponse.swift in Sources */ = {isa = PBXBuildFile; fileRef = 4566EC572B9E0C73007A8E53 /* CreateUserResponse.swift */; };
		4585367B2B70C61900B5F16C /* CreateAccountRequest.swift in Sources */ = {isa = PBXBuildFile; fileRef = 4585367A2B70C61900B5F16C /* CreateAccountRequest.swift */; };
		4585367D2B70C73700B5F16C /* CreateAccountResponse.swift in Sources */ = {isa = PBXBuildFile; fileRef = 4585367C2B70C73700B5F16C /* CreateAccountResponse.swift */; };
		458D05642B75C92D008AAB1D /* TransferFundsScreen.swift in Sources */ = {isa = PBXBuildFile; fileRef = 458D05632B75C92D008AAB1D /* TransferFundsScreen.swift */; };
		458D05662B762283008AAB1D /* TransferFundsAccountSelectionButtons.swift in Sources */ = {isa = PBXBuildFile; fileRef = 458D05652B762283008AAB1D /* TransferFundsAccountSelectionButtons.swift */; };
		45AD37BC2B9F0F9A006191BA /* FetchOneAccountResponse.swift in Sources */ = {isa = PBXBuildFile; fileRef = 45AD37BB2B9F0F9A006191BA /* FetchOneAccountResponse.swift */; };
		45AD37BE2B9F1513006191BA /* String+Extensions.swift in Sources */ = {isa = PBXBuildFile; fileRef = 45AD37BD2B9F1513006191BA /* String+Extensions.swift */; };
		45ADC04F2B74C09300FB33C8 /* TransferFundRequest.swift in Sources */ = {isa = PBXBuildFile; fileRef = 45ADC04E2B74C09300FB33C8 /* TransferFundRequest.swift */; };
		45ADC0512B74C3E000FB33C8 /* TransferFundResponse.swift in Sources */ = {isa = PBXBuildFile; fileRef = 45ADC0502B74C3E000FB33C8 /* TransferFundResponse.swift */; };
		45ADC0532B74D51E00FB33C8 /* TransferFundsViewModel.swift in Sources */ = {isa = PBXBuildFile; fileRef = 45ADC0522B74D51E00FB33C8 /* TransferFundsViewModel.swift */; };
		45B0F1F12B73495B00D3BE79 /* CreateAccountViewModel.swift in Sources */ = {isa = PBXBuildFile; fileRef = 45B0F1F02B73495B00D3BE79 /* CreateAccountViewModel.swift */; };
		45B0F1F32B7351E000D3BE79 /* CreateAccountScreen.swift in Sources */ = {isa = PBXBuildFile; fileRef = 45B0F1F22B7351E000D3BE79 /* CreateAccountScreen.swift */; };
		45D00BE42B6EAB7300CC2A70 /* Bank_App_MVVMApp.swift in Sources */ = {isa = PBXBuildFile; fileRef = 45D00BE32B6EAB7300CC2A70 /* Bank_App_MVVMApp.swift */; };
		45D00BE82B6EAB7600CC2A70 /* Assets.xcassets in Resources */ = {isa = PBXBuildFile; fileRef = 45D00BE72B6EAB7600CC2A70 /* Assets.xcassets */; };
		45D00BEB2B6EAB7600CC2A70 /* Preview Assets.xcassets in Resources */ = {isa = PBXBuildFile; fileRef = 45D00BEA2B6EAB7600CC2A70 /* Preview Assets.xcassets */; };
		45D00BF82B6EABF500CC2A70 /* Double+Extensions.swift in Sources */ = {isa = PBXBuildFile; fileRef = 45D00BF72B6EABF500CC2A70 /* Double+Extensions.swift */; };
		45D00BFA2B6EAC0600CC2A70 /* URL+Extensions.swift in Sources */ = {isa = PBXBuildFile; fileRef = 45D00BF92B6EAC0600CC2A70 /* URL+Extensions.swift */; };
		45D00BFC2B6EAC1100CC2A70 /* View+Extensions.swift in Sources */ = {isa = PBXBuildFile; fileRef = 45D00BFB2B6EAC1100CC2A70 /* View+Extensions.swift */; };
		45D00BFE2B6EACEA00CC2A70 /* Account.swift in Sources */ = {isa = PBXBuildFile; fileRef = 45D00BFD2B6EACEA00CC2A70 /* Account.swift */; };
		45D00C002B6F421800CC2A70 /* AccountService.swift in Sources */ = {isa = PBXBuildFile; fileRef = 45D00BFF2B6F421800CC2A70 /* AccountService.swift */; };
		45D00C022B6F7AC400CC2A70 /* AccountSummaryViewModel.swift in Sources */ = {isa = PBXBuildFile; fileRef = 45D00C012B6F7AC400CC2A70 /* AccountSummaryViewModel.swift */; };
		45D00C042B6FAEC500CC2A70 /* AccountSummaryScreen.swift in Sources */ = {isa = PBXBuildFile; fileRef = 45D00C032B6FAEC500CC2A70 /* AccountSummaryScreen.swift */; };
		45D00C062B708F2100CC2A70 /* AccountListView.swift in Sources */ = {isa = PBXBuildFile; fileRef = 45D00C052B708F2100CC2A70 /* AccountListView.swift */; };
		45D00C082B70939A00CC2A70 /* AccountsTotalView.swift in Sources */ = {isa = PBXBuildFile; fileRef = 45D00C072B70939A00CC2A70 /* AccountsTotalView.swift */; };
/* End PBXBuildFile section */

/* Begin PBXFileReference section */
		4566EC512B9E01B7007A8E53 /* CreateUserRequest.swift */ = {isa = PBXFileReference; lastKnownFileType = sourcecode.swift; path = CreateUserRequest.swift; sourceTree = "<group>"; };
		4566EC532B9E0A3E007A8E53 /* CreateUserViewModel.swift */ = {isa = PBXFileReference; lastKnownFileType = sourcecode.swift; path = CreateUserViewModel.swift; sourceTree = "<group>"; };
		4566EC552B9E0AD6007A8E53 /* UserService.swift */ = {isa = PBXFileReference; lastKnownFileType = sourcecode.swift; path = UserService.swift; sourceTree = "<group>"; };
		4566EC572B9E0C73007A8E53 /* CreateUserResponse.swift */ = {isa = PBXFileReference; lastKnownFileType = sourcecode.swift; path = CreateUserResponse.swift; sourceTree = "<group>"; };
		4585367A2B70C61900B5F16C /* CreateAccountRequest.swift */ = {isa = PBXFileReference; lastKnownFileType = sourcecode.swift; path = CreateAccountRequest.swift; sourceTree = "<group>"; };
		4585367C2B70C73700B5F16C /* CreateAccountResponse.swift */ = {isa = PBXFileReference; lastKnownFileType = sourcecode.swift; path = CreateAccountResponse.swift; sourceTree = "<group>"; };
		458D05632B75C92D008AAB1D /* TransferFundsScreen.swift */ = {isa = PBXFileReference; lastKnownFileType = sourcecode.swift; path = TransferFundsScreen.swift; sourceTree = "<group>"; };
		458D05652B762283008AAB1D /* TransferFundsAccountSelectionButtons.swift */ = {isa = PBXFileReference; lastKnownFileType = sourcecode.swift; path = TransferFundsAccountSelectionButtons.swift; sourceTree = "<group>"; };
		45AD37BB2B9F0F9A006191BA /* FetchOneAccountResponse.swift */ = {isa = PBXFileReference; lastKnownFileType = sourcecode.swift; path = FetchOneAccountResponse.swift; sourceTree = "<group>"; };
		45AD37BD2B9F1513006191BA /* String+Extensions.swift */ = {isa = PBXFileReference; lastKnownFileType = sourcecode.swift; path = "String+Extensions.swift"; sourceTree = "<group>"; };
		45ADC04E2B74C09300FB33C8 /* TransferFundRequest.swift */ = {isa = PBXFileReference; lastKnownFileType = sourcecode.swift; path = TransferFundRequest.swift; sourceTree = "<group>"; };
		45ADC0502B74C3E000FB33C8 /* TransferFundResponse.swift */ = {isa = PBXFileReference; lastKnownFileType = sourcecode.swift; path = TransferFundResponse.swift; sourceTree = "<group>"; };
		45ADC0522B74D51E00FB33C8 /* TransferFundsViewModel.swift */ = {isa = PBXFileReference; lastKnownFileType = sourcecode.swift; path = TransferFundsViewModel.swift; sourceTree = "<group>"; };
		45B0F1F02B73495B00D3BE79 /* CreateAccountViewModel.swift */ = {isa = PBXFileReference; lastKnownFileType = sourcecode.swift; path = CreateAccountViewModel.swift; sourceTree = "<group>"; };
		45B0F1F22B7351E000D3BE79 /* CreateAccountScreen.swift */ = {isa = PBXFileReference; lastKnownFileType = sourcecode.swift; path = CreateAccountScreen.swift; sourceTree = "<group>"; };
		45D00BE02B6EAB7300CC2A70 /* Bank App MVVM.app */ = {isa = PBXFileReference; explicitFileType = wrapper.application; includeInIndex = 0; path = "Bank App MVVM.app"; sourceTree = BUILT_PRODUCTS_DIR; };
		45D00BE32B6EAB7300CC2A70 /* Bank_App_MVVMApp.swift */ = {isa = PBXFileReference; lastKnownFileType = sourcecode.swift; path = Bank_App_MVVMApp.swift; sourceTree = "<group>"; };
		45D00BE72B6EAB7600CC2A70 /* Assets.xcassets */ = {isa = PBXFileReference; lastKnownFileType = folder.assetcatalog; path = Assets.xcassets; sourceTree = "<group>"; };
		45D00BEA2B6EAB7600CC2A70 /* Preview Assets.xcassets */ = {isa = PBXFileReference; lastKnownFileType = folder.assetcatalog; path = "Preview Assets.xcassets"; sourceTree = "<group>"; };
		45D00BF72B6EABF500CC2A70 /* Double+Extensions.swift */ = {isa = PBXFileReference; lastKnownFileType = sourcecode.swift; path = "Double+Extensions.swift"; sourceTree = "<group>"; };
		45D00BF92B6EAC0600CC2A70 /* URL+Extensions.swift */ = {isa = PBXFileReference; lastKnownFileType = sourcecode.swift; path = "URL+Extensions.swift"; sourceTree = "<group>"; };
		45D00BFB2B6EAC1100CC2A70 /* View+Extensions.swift */ = {isa = PBXFileReference; lastKnownFileType = sourcecode.swift; path = "View+Extensions.swift"; sourceTree = "<group>"; };
		45D00BFD2B6EACEA00CC2A70 /* Account.swift */ = {isa = PBXFileReference; lastKnownFileType = sourcecode.swift; path = Account.swift; sourceTree = "<group>"; };
		45D00BFF2B6F421800CC2A70 /* AccountService.swift */ = {isa = PBXFileReference; lastKnownFileType = sourcecode.swift; path = AccountService.swift; sourceTree = "<group>"; };
		45D00C012B6F7AC400CC2A70 /* AccountSummaryViewModel.swift */ = {isa = PBXFileReference; lastKnownFileType = sourcecode.swift; path = AccountSummaryViewModel.swift; sourceTree = "<group>"; };
		45D00C032B6FAEC500CC2A70 /* AccountSummaryScreen.swift */ = {isa = PBXFileReference; lastKnownFileType = sourcecode.swift; path = AccountSummaryScreen.swift; sourceTree = "<group>"; };
		45D00C052B708F2100CC2A70 /* AccountListView.swift */ = {isa = PBXFileReference; lastKnownFileType = sourcecode.swift; path = AccountListView.swift; sourceTree = "<group>"; };
		45D00C072B70939A00CC2A70 /* AccountsTotalView.swift */ = {isa = PBXFileReference; lastKnownFileType = sourcecode.swift; path = AccountsTotalView.swift; sourceTree = "<group>"; };
/* End PBXFileReference section */

/* Begin PBXFrameworksBuildPhase section */
		45D00BDD2B6EAB7300CC2A70 /* Frameworks */ = {
			isa = PBXFrameworksBuildPhase;
			buildActionMask = 2147483647;
			files = (
			);
			runOnlyForDeploymentPostprocessing = 0;
		};
/* End PBXFrameworksBuildPhase section */

/* Begin PBXGroup section */
		45D00BD72B6EAB7300CC2A70 = {
			isa = PBXGroup;
			children = (
				45D00BE22B6EAB7300CC2A70 /* Bank App MVVM */,
				45D00BE12B6EAB7300CC2A70 /* Products */,
			);
			sourceTree = "<group>";
		};
		45D00BE12B6EAB7300CC2A70 /* Products */ = {
			isa = PBXGroup;
			children = (
				45D00BE02B6EAB7300CC2A70 /* Bank App MVVM.app */,
			);
			name = Products;
			sourceTree = "<group>";
		};
		45D00BE22B6EAB7300CC2A70 /* Bank App MVVM */ = {
			isa = PBXGroup;
			children = (
				45D00BF62B6EABD300CC2A70 /* Models */,
				45D00BF52B6EABC800CC2A70 /* Views */,
				45D00BF42B6EABC000CC2A70 /* Screens */,
				45D00BF32B6EABB700CC2A70 /* Services */,
				45D00BF22B6EABAF00CC2A70 /* ViewModels */,
				45D00BF12B6EABA400CC2A70 /* Extensions */,
				45D00BE32B6EAB7300CC2A70 /* Bank_App_MVVMApp.swift */,
				45D00BE72B6EAB7600CC2A70 /* Assets.xcassets */,
				45D00BE92B6EAB7600CC2A70 /* Preview Content */,
			);
			path = "Bank App MVVM";
			sourceTree = "<group>";
		};
		45D00BE92B6EAB7600CC2A70 /* Preview Content */ = {
			isa = PBXGroup;
			children = (
				45D00BEA2B6EAB7600CC2A70 /* Preview Assets.xcassets */,
			);
			path = "Preview Content";
			sourceTree = "<group>";
		};
		45D00BF12B6EABA400CC2A70 /* Extensions */ = {
			isa = PBXGroup;
			children = (
				45D00BF72B6EABF500CC2A70 /* Double+Extensions.swift */,
				45D00BF92B6EAC0600CC2A70 /* URL+Extensions.swift */,
				45D00BFB2B6EAC1100CC2A70 /* View+Extensions.swift */,
				45AD37BD2B9F1513006191BA /* String+Extensions.swift */,
			);
			path = Extensions;
			sourceTree = "<group>";
		};
		45D00BF22B6EABAF00CC2A70 /* ViewModels */ = {
			isa = PBXGroup;
			children = (
				45D00C012B6F7AC400CC2A70 /* AccountSummaryViewModel.swift */,
				45B0F1F02B73495B00D3BE79 /* CreateAccountViewModel.swift */,
				45ADC0522B74D51E00FB33C8 /* TransferFundsViewModel.swift */,
				4566EC532B9E0A3E007A8E53 /* CreateUserViewModel.swift */,
			);
			path = ViewModels;
			sourceTree = "<group>";
		};
		45D00BF32B6EABB700CC2A70 /* Services */ = {
			isa = PBXGroup;
			children = (
				45D00BFF2B6F421800CC2A70 /* AccountService.swift */,
				4566EC552B9E0AD6007A8E53 /* UserService.swift */,
			);
			path = Services;
			sourceTree = "<group>";
		};
		45D00BF42B6EABC000CC2A70 /* Screens */ = {
			isa = PBXGroup;
			children = (
				45D00C032B6FAEC500CC2A70 /* AccountSummaryScreen.swift */,
				45B0F1F22B7351E000D3BE79 /* CreateAccountScreen.swift */,
				458D05632B75C92D008AAB1D /* TransferFundsScreen.swift */,
			);
			path = Screens;
			sourceTree = "<group>";
		};
		45D00BF52B6EABC800CC2A70 /* Views */ = {
			isa = PBXGroup;
			children = (
				45D00C052B708F2100CC2A70 /* AccountListView.swift */,
				45D00C072B70939A00CC2A70 /* AccountsTotalView.swift */,
				458D05652B762283008AAB1D /* TransferFundsAccountSelectionButtons.swift */,
			);
			path = Views;
			sourceTree = "<group>";
		};
		45D00BF62B6EABD300CC2A70 /* Models */ = {
			isa = PBXGroup;
			children = (
				45D00BFD2B6EACEA00CC2A70 /* Account.swift */,
				4585367A2B70C61900B5F16C /* CreateAccountRequest.swift */,
				4585367C2B70C73700B5F16C /* CreateAccountResponse.swift */,
				45ADC04E2B74C09300FB33C8 /* TransferFundRequest.swift */,
				45ADC0502B74C3E000FB33C8 /* TransferFundResponse.swift */,
				4566EC512B9E01B7007A8E53 /* CreateUserRequest.swift */,
				4566EC572B9E0C73007A8E53 /* CreateUserResponse.swift */,
				45AD37BB2B9F0F9A006191BA /* FetchOneAccountResponse.swift */,
			);
			path = Models;
			sourceTree = "<group>";
		};
/* End PBXGroup section */

/* Begin PBXNativeTarget section */
		45D00BDF2B6EAB7300CC2A70 /* Bank App MVVM */ = {
			isa = PBXNativeTarget;
			buildConfigurationList = 45D00BEE2B6EAB7600CC2A70 /* Build configuration list for PBXNativeTarget "Bank App MVVM" */;
			buildPhases = (
				45D00BDC2B6EAB7300CC2A70 /* Sources */,
				45D00BDD2B6EAB7300CC2A70 /* Frameworks */,
				45D00BDE2B6EAB7300CC2A70 /* Resources */,
			);
			buildRules = (
			);
			dependencies = (
			);
			name = "Bank App MVVM";
			productName = "Bank App MVVM";
			productReference = 45D00BE02B6EAB7300CC2A70 /* Bank App MVVM.app */;
			productType = "com.apple.product-type.application";
		};
/* End PBXNativeTarget section */

/* Begin PBXProject section */
		45D00BD82B6EAB7300CC2A70 /* Project object */ = {
			isa = PBXProject;
			attributes = {
				BuildIndependentTargetsInParallel = 1;
				LastSwiftUpdateCheck = 1420;
				LastUpgradeCheck = 1420;
				TargetAttributes = {
					45D00BDF2B6EAB7300CC2A70 = {
						CreatedOnToolsVersion = 14.2;
					};
				};
			};
			buildConfigurationList = 45D00BDB2B6EAB7300CC2A70 /* Build configuration list for PBXProject "Bank App MVVM" */;
			compatibilityVersion = "Xcode 14.0";
			developmentRegion = en;
			hasScannedForEncodings = 0;
			knownRegions = (
				en,
				Base,
			);
			mainGroup = 45D00BD72B6EAB7300CC2A70;
			productRefGroup = 45D00BE12B6EAB7300CC2A70 /* Products */;
			projectDirPath = "";
			projectRoot = "";
			targets = (
				45D00BDF2B6EAB7300CC2A70 /* Bank App MVVM */,
			);
		};
/* End PBXProject section */

/* Begin PBXResourcesBuildPhase section */
		45D00BDE2B6EAB7300CC2A70 /* Resources */ = {
			isa = PBXResourcesBuildPhase;
			buildActionMask = 2147483647;
			files = (
				45D00BEB2B6EAB7600CC2A70 /* Preview Assets.xcassets in Resources */,
				45D00BE82B6EAB7600CC2A70 /* Assets.xcassets in Resources */,
			);
			runOnlyForDeploymentPostprocessing = 0;
		};
/* End PBXResourcesBuildPhase section */

/* Begin PBXSourcesBuildPhase section */
		45D00BDC2B6EAB7300CC2A70 /* Sources */ = {
			isa = PBXSourcesBuildPhase;
			buildActionMask = 2147483647;
			files = (
				45ADC0532B74D51E00FB33C8 /* TransferFundsViewModel.swift in Sources */,
				45D00C062B708F2100CC2A70 /* AccountListView.swift in Sources */,
				4566EC562B9E0AD6007A8E53 /* UserService.swift in Sources */,
				45D00C082B70939A00CC2A70 /* AccountsTotalView.swift in Sources */,
				45D00C042B6FAEC500CC2A70 /* AccountSummaryScreen.swift in Sources */,
				45D00BFA2B6EAC0600CC2A70 /* URL+Extensions.swift in Sources */,
				45B0F1F12B73495B00D3BE79 /* CreateAccountViewModel.swift in Sources */,
				4566EC522B9E01B7007A8E53 /* CreateUserRequest.swift in Sources */,
				45D00BE42B6EAB7300CC2A70 /* Bank_App_MVVMApp.swift in Sources */,
				45ADC0512B74C3E000FB33C8 /* TransferFundResponse.swift in Sources */,
				45D00BFC2B6EAC1100CC2A70 /* View+Extensions.swift in Sources */,
				4585367D2B70C73700B5F16C /* CreateAccountResponse.swift in Sources */,
				4566EC542B9E0A3E007A8E53 /* CreateUserViewModel.swift in Sources */,
				45D00C002B6F421800CC2A70 /* AccountService.swift in Sources */,
				458D05662B762283008AAB1D /* TransferFundsAccountSelectionButtons.swift in Sources */,
				45AD37BE2B9F1513006191BA /* String+Extensions.swift in Sources */,
				45B0F1F32B7351E000D3BE79 /* CreateAccountScreen.swift in Sources */,
				45AD37BC2B9F0F9A006191BA /* FetchOneAccountResponse.swift in Sources */,
				45D00BF82B6EABF500CC2A70 /* Double+Extensions.swift in Sources */,
				4585367B2B70C61900B5F16C /* CreateAccountRequest.swift in Sources */,
				45D00BFE2B6EACEA00CC2A70 /* Account.swift in Sources */,
				45D00C022B6F7AC400CC2A70 /* AccountSummaryViewModel.swift in Sources */,
				45ADC04F2B74C09300FB33C8 /* TransferFundRequest.swift in Sources */,
				458D05642B75C92D008AAB1D /* TransferFundsScreen.swift in Sources */,
				4566EC582B9E0C73007A8E53 /* CreateUserResponse.swift in Sources */,
			);
			runOnlyForDeploymentPostprocessing = 0;
		};
/* End PBXSourcesBuildPhase section */

/* Begin XCBuildConfiguration section */
		45D00BEC2B6EAB7600CC2A70 /* Debug */ = {
			isa = XCBuildConfiguration;
			buildSettings = {
				ALWAYS_SEARCH_USER_PATHS = NO;
				CLANG_ANALYZER_NONNULL = YES;
				CLANG_ANALYZER_NUMBER_OBJECT_CONVERSION = YES_AGGRESSIVE;
				CLANG_CXX_LANGUAGE_STANDARD = "gnu++20";
				CLANG_ENABLE_MODULES = YES;
				CLANG_ENABLE_OBJC_ARC = YES;
				CLANG_ENABLE_OBJC_WEAK = YES;
				CLANG_WARN_BLOCK_CAPTURE_AUTORELEASING = YES;
				CLANG_WARN_BOOL_CONVERSION = YES;
				CLANG_WARN_COMMA = YES;
				CLANG_WARN_CONSTANT_CONVERSION = YES;
				CLANG_WARN_DEPRECATED_OBJC_IMPLEMENTATIONS = YES;
				CLANG_WARN_DIRECT_OBJC_ISA_USAGE = YES_ERROR;
				CLANG_WARN_DOCUMENTATION_COMMENTS = YES;
				CLANG_WARN_EMPTY_BODY = YES;
				CLANG_WARN_ENUM_CONVERSION = YES;
				CLANG_WARN_INFINITE_RECURSION = YES;
				CLANG_WARN_INT_CONVERSION = YES;
				CLANG_WARN_NON_LITERAL_NULL_CONVERSION = YES;
				CLANG_WARN_OBJC_IMPLICIT_RETAIN_SELF = YES;
				CLANG_WARN_OBJC_LITERAL_CONVERSION = YES;
				CLANG_WARN_OBJC_ROOT_CLASS = YES_ERROR;
				CLANG_WARN_QUOTED_INCLUDE_IN_FRAMEWORK_HEADER = YES;
				CLANG_WARN_RANGE_LOOP_ANALYSIS = YES;
				CLANG_WARN_STRICT_PROTOTYPES = YES;
				CLANG_WARN_SUSPICIOUS_MOVE = YES;
				CLANG_WARN_UNGUARDED_AVAILABILITY = YES_AGGRESSIVE;
				CLANG_WARN_UNREACHABLE_CODE = YES;
				CLANG_WARN__DUPLICATE_METHOD_MATCH = YES;
				COPY_PHASE_STRIP = NO;
				DEBUG_INFORMATION_FORMAT = dwarf;
				ENABLE_STRICT_OBJC_MSGSEND = YES;
				ENABLE_TESTABILITY = YES;
				GCC_C_LANGUAGE_STANDARD = gnu11;
				GCC_DYNAMIC_NO_PIC = NO;
				GCC_NO_COMMON_BLOCKS = YES;
				GCC_OPTIMIZATION_LEVEL = 0;
				GCC_PREPROCESSOR_DEFINITIONS = (
					"DEBUG=1",
					"$(inherited)",
				);
				GCC_WARN_64_TO_32_BIT_CONVERSION = YES;
				GCC_WARN_ABOUT_RETURN_TYPE = YES_ERROR;
				GCC_WARN_UNDECLARED_SELECTOR = YES;
				GCC_WARN_UNINITIALIZED_AUTOS = YES_AGGRESSIVE;
				GCC_WARN_UNUSED_FUNCTION = YES;
				GCC_WARN_UNUSED_VARIABLE = YES;
				IPHONEOS_DEPLOYMENT_TARGET = 16.2;
				MTL_ENABLE_DEBUG_INFO = INCLUDE_SOURCE;
				MTL_FAST_MATH = YES;
				ONLY_ACTIVE_ARCH = YES;
				SDKROOT = iphoneos;
				SWIFT_ACTIVE_COMPILATION_CONDITIONS = DEBUG;
				SWIFT_OPTIMIZATION_LEVEL = "-Onone";
			};
			name = Debug;
		};
		45D00BED2B6EAB7600CC2A70 /* Release */ = {
			isa = XCBuildConfiguration;
			buildSettings = {
				ALWAYS_SEARCH_USER_PATHS = NO;
				CLANG_ANALYZER_NONNULL = YES;
				CLANG_ANALYZER_NUMBER_OBJECT_CONVERSION = YES_AGGRESSIVE;
				CLANG_CXX_LANGUAGE_STANDARD = "gnu++20";
				CLANG_ENABLE_MODULES = YES;
				CLANG_ENABLE_OBJC_ARC = YES;
				CLANG_ENABLE_OBJC_WEAK = YES;
				CLANG_WARN_BLOCK_CAPTURE_AUTORELEASING = YES;
				CLANG_WARN_BOOL_CONVERSION = YES;
				CLANG_WARN_COMMA = YES;
				CLANG_WARN_CONSTANT_CONVERSION = YES;
				CLANG_WARN_DEPRECATED_OBJC_IMPLEMENTATIONS = YES;
				CLANG_WARN_DIRECT_OBJC_ISA_USAGE = YES_ERROR;
				CLANG_WARN_DOCUMENTATION_COMMENTS = YES;
				CLANG_WARN_EMPTY_BODY = YES;
				CLANG_WARN_ENUM_CONVERSION = YES;
				CLANG_WARN_INFINITE_RECURSION = YES;
				CLANG_WARN_INT_CONVERSION = YES;
				CLANG_WARN_NON_LITERAL_NULL_CONVERSION = YES;
				CLANG_WARN_OBJC_IMPLICIT_RETAIN_SELF = YES;
				CLANG_WARN_OBJC_LITERAL_CONVERSION = YES;
				CLANG_WARN_OBJC_ROOT_CLASS = YES_ERROR;
				CLANG_WARN_QUOTED_INCLUDE_IN_FRAMEWORK_HEADER = YES;
				CLANG_WARN_RANGE_LOOP_ANALYSIS = YES;
				CLANG_WARN_STRICT_PROTOTYPES = YES;
				CLANG_WARN_SUSPICIOUS_MOVE = YES;
				CLANG_WARN_UNGUARDED_AVAILABILITY = YES_AGGRESSIVE;
				CLANG_WARN_UNREACHABLE_CODE = YES;
				CLANG_WARN__DUPLICATE_METHOD_MATCH = YES;
				COPY_PHASE_STRIP = NO;
				DEBUG_INFORMATION_FORMAT = "dwarf-with-dsym";
				ENABLE_NS_ASSERTIONS = NO;
				ENABLE_STRICT_OBJC_MSGSEND = YES;
				GCC_C_LANGUAGE_STANDARD = gnu11;
				GCC_NO_COMMON_BLOCKS = YES;
				GCC_WARN_64_TO_32_BIT_CONVERSION = YES;
				GCC_WARN_ABOUT_RETURN_TYPE = YES_ERROR;
				GCC_WARN_UNDECLARED_SELECTOR = YES;
				GCC_WARN_UNINITIALIZED_AUTOS = YES_AGGRESSIVE;
				GCC_WARN_UNUSED_FUNCTION = YES;
				GCC_WARN_UNUSED_VARIABLE = YES;
				IPHONEOS_DEPLOYMENT_TARGET = 16.2;
				MTL_ENABLE_DEBUG_INFO = NO;
				MTL_FAST_MATH = YES;
				SDKROOT = iphoneos;
				SWIFT_COMPILATION_MODE = wholemodule;
				SWIFT_OPTIMIZATION_LEVEL = "-O";
				VALIDATE_PRODUCT = YES;
			};
			name = Release;
		};
		45D00BEF2B6EAB7600CC2A70 /* Debug */ = {
			isa = XCBuildConfiguration;
			buildSettings = {
				ASSETCATALOG_COMPILER_APPICON_NAME = AppIcon;
				ASSETCATALOG_COMPILER_GLOBAL_ACCENT_COLOR_NAME = AccentColor;
				CODE_SIGN_STYLE = Automatic;
				CURRENT_PROJECT_VERSION = 1;
				DEVELOPMENT_ASSET_PATHS = "\"Bank App MVVM/Preview Content\"";
				DEVELOPMENT_TEAM = ZG65SS3WVL;
				ENABLE_PREVIEWS = YES;
				GENERATE_INFOPLIST_FILE = YES;
				INFOPLIST_KEY_UIApplicationSceneManifest_Generation = YES;
				INFOPLIST_KEY_UIApplicationSupportsIndirectInputEvents = YES;
				INFOPLIST_KEY_UILaunchScreen_Generation = YES;
				INFOPLIST_KEY_UISupportedInterfaceOrientations_iPad = "UIInterfaceOrientationPortrait UIInterfaceOrientationPortraitUpsideDown UIInterfaceOrientationLandscapeLeft UIInterfaceOrientationLandscapeRight";
				INFOPLIST_KEY_UISupportedInterfaceOrientations_iPhone = "UIInterfaceOrientationPortrait UIInterfaceOrientationLandscapeLeft UIInterfaceOrientationLandscapeRight";
				LD_RUNPATH_SEARCH_PATHS = (
					"$(inherited)",
					"@executable_path/Frameworks",
				);
				MARKETING_VERSION = 1.0;
				PRODUCT_BUNDLE_IDENTIFIER = "ios.expos.Bank-App-MVVM";
				PRODUCT_NAME = "$(TARGET_NAME)";
				SWIFT_EMIT_LOC_STRINGS = YES;
				SWIFT_VERSION = 5.0;
				TARGETED_DEVICE_FAMILY = "1,2";
			};
			name = Debug;
		};
		45D00BF02B6EAB7600CC2A70 /* Release */ = {
			isa = XCBuildConfiguration;
			buildSettings = {
				ASSETCATALOG_COMPILER_APPICON_NAME = AppIcon;
				ASSETCATALOG_COMPILER_GLOBAL_ACCENT_COLOR_NAME = AccentColor;
				CODE_SIGN_STYLE = Automatic;
				CURRENT_PROJECT_VERSION = 1;
				DEVELOPMENT_ASSET_PATHS = "\"Bank App MVVM/Preview Content\"";
				DEVELOPMENT_TEAM = ZG65SS3WVL;
				ENABLE_PREVIEWS = YES;
				GENERATE_INFOPLIST_FILE = YES;
				INFOPLIST_KEY_UIApplicationSceneManifest_Generation = YES;
				INFOPLIST_KEY_UIApplicationSupportsIndirectInputEvents = YES;
				INFOPLIST_KEY_UILaunchScreen_Generation = YES;
				INFOPLIST_KEY_UISupportedInterfaceOrientations_iPad = "UIInterfaceOrientationPortrait UIInterfaceOrientationPortraitUpsideDown UIInterfaceOrientationLandscapeLeft UIInterfaceOrientationLandscapeRight";
				INFOPLIST_KEY_UISupportedInterfaceOrientations_iPhone = "UIInterfaceOrientationPortrait UIInterfaceOrientationLandscapeLeft UIInterfaceOrientationLandscapeRight";
				LD_RUNPATH_SEARCH_PATHS = (
					"$(inherited)",
					"@executable_path/Frameworks",
				);
				MARKETING_VERSION = 1.0;
				PRODUCT_BUNDLE_IDENTIFIER = "ios.expos.Bank-App-MVVM";
				PRODUCT_NAME = "$(TARGET_NAME)";
				SWIFT_EMIT_LOC_STRINGS = YES;
				SWIFT_VERSION = 5.0;
				TARGETED_DEVICE_FAMILY = "1,2";
			};
			name = Release;
		};
/* End XCBuildConfiguration section */

/* Begin XCConfigurationList section */
		45D00BDB2B6EAB7300CC2A70 /* Build configuration list for PBXProject "Bank App MVVM" */ = {
			isa = XCConfigurationList;
			buildConfigurations = (
				45D00BEC2B6EAB7600CC2A70 /* Debug */,
				45D00BED2B6EAB7600CC2A70 /* Release */,
			);
			defaultConfigurationIsVisible = 0;
			defaultConfigurationName = Release;
		};
		45D00BEE2B6EAB7600CC2A70 /* Build configuration list for PBXNativeTarget "Bank App MVVM" */ = {
			isa = XCConfigurationList;
			buildConfigurations = (
				45D00BEF2B6EAB7600CC2A70 /* Debug */,
				45D00BF02B6EAB7600CC2A70 /* Release */,
			);
			defaultConfigurationIsVisible = 0;
			defaultConfigurationName = Release;
		};
/* End XCConfigurationList section */
	};
	rootObject = 45D00BD82B6EAB7300CC2A70 /* Project object */;
}
